
Microsoft Visual Studio Solution File, Format Version 12.00
# Visual Studio Version 17
VisualStudioVersion = 17.3.32929.385
MinimumVisualStudioVersion = 10.0.40219.1
Project("{54A90642-561A-4BB1-A94E-469ADEE60C69}") = "reactproject1", "reactproject1\reactproject1.esproj", "{A7D42B7E-F40F-485B-BCFF-91E370CB07B5}"
EndProject
Global
	GlobalSection(SolutionConfigurationPlatforms) = preSolution
		Debug|Any CPU = Debug|Any CPU
		Release|Any CPU = Release|Any CPU
	EndGlobalSection
	GlobalSection(ProjectConfigurationPlatforms) = postSolution
		{A7D42B7E-F40F-485B-BCFF-91E370CB07B5}.Debug|Any CPU.ActiveCfg = Debug|Any CPU
		{A7D42B7E-F40F-485B-BCFF-91E370CB07B5}.Debug|Any CPU.Build.0 = Debug|Any CPU
		{A7D42B7E-F40F-485B-BCFF-91E370CB07B5}.Debug|Any CPU.Deploy.0 = Debug|Any CPU
		{A7D42B7E-F40F-485B-BCFF-91E370CB07B5}.Release|Any CPU.ActiveCfg = Release|Any CPU
		{A7D42B7E-F40F-485B-BCFF-91E370CB07B5}.Release|Any CPU.Build.0 = Release|Any CPU
		{A7D42B7E-F40F-485B-BCFF-91E370CB07B5}.Release|Any CPU.Deploy.0 = Release|Any CPU
	EndGlobalSection
	GlobalSection(SolutionProperties) = preSolution
		HideSolutionNode = FALSE
	EndGlobalSection
	GlobalSection(ExtensibilityGlobals) = postSolution
		SolutionGuid = {B7DBFD4E-DED5-4287-B095-B25B84D6E5EA}
	EndGlobalSection
EndGlobal
